
Microsoft Visual Studio Solution File, Format Version 12.00
# Visual Studio Version 17
VisualStudioVersion = 17.14.36616.10
MinimumVisualStudioVersion = 10.0.40219.1
Project("{8BC9CEB8-8B4A-11D0-8D11-00A0C91BC942}") = "KamaCaheDll", "KamaCaheDll\KamaCaheDll.vcxproj", "{39C11E20-299F-4757-9CB0-FC6CE8003BC6}"
EndProject
Project("{8BC9CEB8-8B4A-11D0-8D11-00A0C91BC942}") = "test_allCachePolices", "test_allCachePolices\test_allCachePolices.vcxproj", "{704F6F58-8DBA-4B13-9802-FF9173FC6F13}"
EndProject
Global
	GlobalSection(SolutionConfigurationPlatforms) = preSolution
		Debug|Any CPU = Debug|Any CPU
		Debug|x64 = Debug|x64
		Debug|x86 = Debug|x86
		Release|Any CPU = Release|Any CPU
		Release|x64 = Release|x64
		Release|x86 = Release|x86
	EndGlobalSection
	GlobalSection(ProjectConfigurationPlatforms) = postSolution
		{39C11E20-299F-4757-9CB0-FC6CE8003BC6}.Debug|Any CPU.ActiveCfg = Debug|x64
		{39C11E20-299F-4757-9CB0-FC6CE8003BC6}.Debug|Any CPU.Build.0 = Debug|x64
		{39C11E20-299F-4757-9CB0-FC6CE8003BC6}.Debug|x64.ActiveCfg = Debug|x64
		{39C11E20-299F-4757-9CB0-FC6CE8003BC6}.Debug|x64.Build.0 = Debug|x64
		{39C11E20-299F-4757-9CB0-FC6CE8003BC6}.Debug|x86.ActiveCfg = Debug|Win32
		{39C11E20-299F-4757-9CB0-FC6CE8003BC6}.Debug|x86.Build.0 = Debug|Win32
		{39C11E20-299F-4757-9CB0-FC6CE8003BC6}.Release|Any CPU.ActiveCfg = Release|x64
		{39C11E20-299F-4757-9CB0-FC6CE8003BC6}.Release|Any CPU.Build.0 = Release|x64
		{39C11E20-299F-4757-9CB0-FC6CE8003BC6}.Release|x64.ActiveCfg = Release|x64
		{39C11E20-299F-4757-9CB0-FC6CE8003BC6}.Release|x64.Build.0 = Release|x64
		{39C11E20-299F-4757-9CB0-FC6CE8003BC6}.Release|x86.ActiveCfg = Release|Win32
		{39C11E20-299F-4757-9CB0-FC6CE8003BC6}.Release|x86.Build.0 = Release|Win32
		{704F6F58-8DBA-4B13-9802-FF9173FC6F13}.Debug|Any CPU.ActiveCfg = Debug|x64
		{704F6F58-8DBA-4B13-9802-FF9173FC6F13}.Debug|Any CPU.Build.0 = Debug|x64
		{704F6F58-8DBA-4B13-9802-FF9173FC6F13}.Debug|x64.ActiveCfg = Debug|x64
		{704F6F58-8DBA-4B13-9802-FF9173FC6F13}.Debug|x64.Build.0 = Debug|x64
		{704F6F58-8DBA-4B13-9802-FF9173FC6F13}.Debug|x86.ActiveCfg = Debug|Win32
		{704F6F58-8DBA-4B13-9802-FF9173FC6F13}.Debug|x86.Build.0 = Debug|Win32
		{704F6F58-8DBA-4B13-9802-FF9173FC6F13}.Release|Any CPU.ActiveCfg = Release|x64
		{704F6F58-8DBA-4B13-9802-FF9173FC6F13}.Release|Any CPU.Build.0 = Release|x64
		{704F6F58-8DBA-4B13-9802-FF9173FC6F13}.Release|x64.ActiveCfg = Release|x64
		{704F6F58-8DBA-4B13-9802-FF9173FC6F13}.Release|x64.Build.0 = Release|x64
		{704F6F58-8DBA-4B13-9802-FF9173FC6F13}.Release|x86.ActiveCfg = Release|Win32
		{704F6F58-8DBA-4B13-9802-FF9173FC6F13}.Release|x86.Build.0 = Release|Win32
	EndGlobalSection
	GlobalSection(SolutionProperties) = preSolution
		HideSolutionNode = FALSE
	EndGlobalSection
	GlobalSection(ExtensibilityGlobals) = postSolution
		SolutionGuid = {367837A7-9FEB-456B-A565-119C3E52B8B8}
	EndGlobalSection
EndGlobal
